<?xml version="1.0" encoding="utf-8"?>
<Project ToolsVersion="4.0" xmlns="http://schemas.microsoft.com/developer/msbuild/2003">
  <ItemGroup>
    <Filter Include="Fichiers sources">
      <UniqueIdentifier>{4FC737F1-C7A5-4376-A066-2A32D752A2FF}</UniqueIdentifier>
      <Extensions>cpp;c;cc;cxx;c++;cppm;ixx;def;odl;idl;hpj;bat;asm;asmx</Extensions>
    </Filter>
    <Filter Include="Fichiers d%27en-tête">
      <UniqueIdentifier>{93995380-89BD-4b04-88EB-625FBE52EBFB}</UniqueIdentifier>
      <Extensions>h;hh;hpp;hxx;h++;hm;inl;inc;ipp;xsd</Extensions>
    </Filter>
    <Filter Include="Fichiers de ressources">
      <UniqueIdentifier>{67DA6AB6-F800-4c08-8B7A-83BB121AAD01}</UniqueIdentifier>
      <Extensions>rc;ico;cur;bmp;dlg;rc2;rct;bin;rgs;gif;jpg;jpeg;jpe;resx;tiff;tif;png;wav;mfcribbon-ms</Extensions>
    </Filter>
  </ItemGroup>
  <ItemGroup>
    <ClCompile Include="main.cpp">
      <Filter>Fichiers sources</Filter>
    </ClCompile>
    <ClCompile Include="j1.cpp">
      <Filter>Fichiers sources</Filter>
    </ClCompile>
    <ClCompile Include="parseur.cpp">
      <Filter>Fichiers sources</Filter>
    </ClCompile>
    <ClCompile Include="j2.cpp">
      <Filter>Fichiers sources</Filter>
    </ClCompile>
    <ClCompile Include="j3.cpp">
      <Filter>Fichiers sources</Filter>
    </ClCompile>
    <ClCompile Include="j4.cpp">
      <Filter>Fichiers sources</Filter>
    </ClCompile>
    <ClCompile Include="j5.cpp">
      <Filter>Fichiers sources</Filter>
    </ClCompile>
    <ClCompile Include="j6.cpp">
      <Filter>Fichiers sources</Filter>
    </ClCompile>
    <ClCompile Include="j7.cpp">
      <Filter>Fichiers sources</Filter>
    </ClCompile>
    <ClCompile Include="j8.cpp">
      <Filter>Fichiers sources</Filter>
    </ClCompile>
    <ClCompile Include="j9.cpp">
      <Filter>Fichiers sources</Filter>
    </ClCompile>
    <ClCompile Include="j10.cpp">
      <Filter>Fichiers sources</Filter>
    </ClCompile>
    <ClCompile Include="j11.cpp">
      <Filter>Fichiers sources</Filter>
    </ClCompile>
    <ClCompile Include="j12.cpp">
      <Filter>Fichiers sources</Filter>
    </ClCompile>
    <ClCompile Include="j13.cpp">
      <Filter>Fichiers sources</Filter>
    </ClCompile>
    <ClCompile Include="j14.cpp">
      <Filter>Fichiers sources</Filter>
    </ClCompile>
    <ClCompile Include="j15.cpp">
      <Filter>Fichiers sources</Filter>
    </ClCompile>
    <ClCompile Include="j16.cpp">
      <Filter>Fichiers sources</Filter>
    </ClCompile>
    <ClCompile Include="j17.cpp">
      <Filter>Fichiers sources</Filter>
    </ClCompile>
    <ClCompile Include="j18.cpp">
      <Filter>Fichiers sources</Filter>
    </ClCompile>
    <ClCompile Include="j19.cpp">
      <Filter>Fichiers sources</Filter>
    </ClCompile>
    <ClCompile Include="j20.cpp">
      <Filter>Fichiers sources</Filter>
    </ClCompile>
    <ClCompile Include="j21.cpp">
      <Filter>Fichiers sources</Filter>
    </ClCompile>
    <ClCompile Include="j22.cpp">
      <Filter>Fichiers sources</Filter>
    </ClCompile>
    <ClCompile Include="j23.cpp">
      <Filter>Fichiers sources</Filter>
    </ClCompile>
    <ClCompile Include="j24.cpp">
      <Filter>Fichiers sources</Filter>
    </ClCompile>
    <ClCompile Include="j25.cpp">
      <Filter>Fichiers sources</Filter>
    </ClCompile>
    <ClCompile Include="dijkstra.cpp">
      <Filter>Fichiers sources</Filter>
    </ClCompile>
    <ClCompile Include="dijkstra.hpp">
      <Filter>Fichiers d%27en-tête</Filter>
    </ClCompile>
  </ItemGroup>
  <ItemGroup>
    <ClInclude Include="main.hpp">
      <Filter>Fichiers d%27en-tête</Filter>
    </ClInclude>
    <ClInclude Include="j1.hpp">
      <Filter>Fichiers d%27en-tête</Filter>
    </ClInclude>
    <ClInclude Include="parseur.hpp">
      <Filter>Fichiers d%27en-tête</Filter>
    </ClInclude>
    <ClInclude Include="j2.hpp">
      <Filter>Fichiers d%27en-tête</Filter>
    </ClInclude>
    <ClInclude Include="j3.hpp">
      <Filter>Fichiers d%27en-tête</Filter>
    </ClInclude>
    <ClInclude Include="j4.hpp">
      <Filter>Fichiers d%27en-tête</Filter>
    </ClInclude>
    <ClInclude Include="j5.hpp">
      <Filter>Fichiers d%27en-tête</Filter>
    </ClInclude>
    <ClInclude Include="j6.hpp">
      <Filter>Fichiers d%27en-tête</Filter>
    </ClInclude>
    <ClInclude Include="j7.hpp">
      <Filter>Fichiers d%27en-tête</Filter>
    </ClInclude>
    <ClInclude Include="j8.hpp">
      <Filter>Fichiers d%27en-tête</Filter>
    </ClInclude>
    <ClInclude Include="j9.hpp">
      <Filter>Fichiers d%27en-tête</Filter>
    </ClInclude>
    <ClInclude Include="j10.hpp">
      <Filter>Fichiers d%27en-tête</Filter>
    </ClInclude>
    <ClInclude Include="j11.hpp">
      <Filter>Fichiers d%27en-tête</Filter>
    </ClInclude>
    <ClInclude Include="j12.hpp">
      <Filter>Fichiers d%27en-tête</Filter>
    </ClInclude>
    <ClInclude Include="j13.hpp">
      <Filter>Fichiers d%27en-tête</Filter>
    </ClInclude>
    <ClInclude Include="j14.hpp">
      <Filter>Fichiers d%27en-tête</Filter>
    </ClInclude>
    <ClInclude Include="j15.hpp">
      <Filter>Fichiers d%27en-tête</Filter>
    </ClInclude>
    <ClInclude Include="j16.hpp">
      <Filter>Fichiers d%27en-tête</Filter>
    </ClInclude>
    <ClInclude Include="j17.hpp">
      <Filter>Fichiers d%27en-tête</Filter>
    </ClInclude>
    <ClInclude Include="j18.hpp">
      <Filter>Fichiers d%27en-tête</Filter>
    </ClInclude>
    <ClInclude Include="j19.hpp">
      <Filter>Fichiers d%27en-tête</Filter>
    </ClInclude>
    <ClInclude Include="j20.hpp">
      <Filter>Fichiers d%27en-tête</Filter>
    </ClInclude>
    <ClInclude Include="j21.hpp">
      <Filter>Fichiers d%27en-tête</Filter>
    </ClInclude>
    <ClInclude Include="j22.hpp">
      <Filter>Fichiers d%27en-tête</Filter>
    </ClInclude>
    <ClInclude Include="j23.hpp">
      <Filter>Fichiers d%27en-tête</Filter>
    </ClInclude>
    <ClInclude Include="j24.hpp">
      <Filter>Fichiers d%27en-tête</Filter>
    </ClInclude>
    <ClInclude Include="j25.hpp">
      <Filter>Fichiers d%27en-tête</Filter>
    </ClInclude>
  </ItemGroup>
  <ItemGroup>
    <Text Include="instance\j1.txt">
      <Filter>Fichiers de ressources</Filter>
    </Text>
    <Text Include="instance\j2.txt">
      <Filter>Fichiers de ressources</Filter>
    </Text>
    <Text Include="instance\j3.txt">
      <Filter>Fichiers de ressources</Filter>
    </Text>
    <Text Include="instance\j4.txt">
      <Filter>Fichiers de ressources</Filter>
    </Text>
    <Text Include="instance\j5.txt">
      <Filter>Fichiers de ressources</Filter>
    </Text>
    <Text Include="instance\j6.txt">
      <Filter>Fichiers de ressources</Filter>
    </Text>
    <Text Include="instance\j7.txt">
      <Filter>Fichiers de ressources</Filter>
    </Text>
    <Text Include="instance\j8.txt">
      <Filter>Fichiers de ressources</Filter>
    </Text>
    <Text Include="instance\j9.txt">
      <Filter>Fichiers de ressources</Filter>
    </Text>
    <Text Include="instance\j10.txt">
      <Filter>Fichiers de ressources</Filter>
    </Text>
    <Text Include="instance\j11.txt">
      <Filter>Fichiers de ressources</Filter>
    </Text>
    <Text Include="instance\j12.txt">
      <Filter>Fichiers de ressources</Filter>
    </Text>
    <Text Include="instance\j13.txt">
      <Filter>Fichiers de ressources</Filter>
    </Text>
    <Text Include="instance\j14.txt">
      <Filter>Fichiers de ressources</Filter>
    </Text>
    <Text Include="instance\j15.txt">
      <Filter>Fichiers de ressources</Filter>
    </Text>
    <Text Include="instance\j16.txt">
      <Filter>Fichiers de ressources</Filter>
    </Text>
    <Text Include="instance\j17.txt">
      <Filter>Fichiers de ressources</Filter>
    </Text>
    <Text Include="instance\j18.txt">
      <Filter>Fichiers de ressources</Filter>
    </Text>
    <Text Include="instance\j19.txt">
      <Filter>Fichiers de ressources</Filter>
    </Text>
    <Text Include="instance\j20.txt">
      <Filter>Fichiers de ressources</Filter>
    </Text>
    <Text Include="instance\j21.txt">
      <Filter>Fichiers de ressources</Filter>
    </Text>
    <Text Include="instance\j22.txt">
      <Filter>Fichiers de ressources</Filter>
    </Text>
    <Text Include="instance\j23.txt">
      <Filter>Fichiers de ressources</Filter>
    </Text>
    <Text Include="instance\j24.txt">
      <Filter>Fichiers de ressources</Filter>
    </Text>
    <Text Include="instance\j25.txt">
      <Filter>Fichiers de ressources</Filter>
    </Text>
  </ItemGroup>
</Project>